# This file is generated by running "yarn install" inside your project.
# Manual changes might be lost - proceed with caution!

__metadata:
  version: 6
  cacheKey: 8

"@octokit/app@npm:^13.1.5":
  version: 13.1.8
  resolution: "@octokit/app@npm:13.1.8"
  dependencies:
    "@octokit/auth-app": ^4.0.13
    "@octokit/auth-unauthenticated": ^3.0.0
    "@octokit/core": ^4.0.0
    "@octokit/oauth-app": ^4.0.7
    "@octokit/plugin-paginate-rest": ^6.0.0
    "@octokit/types": ^9.0.0
    "@octokit/webhooks": ^10.0.0
  checksum: c51c23dc8f439da09c14c834551891d1e11a137935e036340e81bab428925027cb936737e5d43169149f13ae0a7ccd266edb7a0bc6735e3cd1ff106a690a48de
  languageName: node
  linkType: hard

"@octokit/auth-app@npm:^4.0.13":
  version: 4.0.13
  resolution: "@octokit/auth-app@npm:4.0.13"
  dependencies:
    "@octokit/auth-oauth-app": ^5.0.0
    "@octokit/auth-oauth-user": ^2.0.0
    "@octokit/request": ^6.0.0
    "@octokit/request-error": ^3.0.0
    "@octokit/types": ^9.0.0
    deprecation: ^2.3.1
    lru-cache: ^9.0.0
    universal-github-app-jwt: ^1.1.1
    universal-user-agent: ^6.0.0
  checksum: 809004bc3e985fd4911cc42060fecd7b88e609e1334b90c4f79711aa27cade03fa1d930945ea8f7339ddd8d4514dd220a6ae8489faefa9e0ce6881519a02fc37
  languageName: node
  linkType: hard

"@octokit/auth-oauth-app@npm:^5.0.0":
  version: 5.0.6
  resolution: "@octokit/auth-oauth-app@npm:5.0.6"
  dependencies:
    "@octokit/auth-oauth-device": ^4.0.0
    "@octokit/auth-oauth-user": ^2.0.0
    "@octokit/request": ^6.0.0
    "@octokit/types": ^9.0.0
    "@types/btoa-lite": ^1.0.0
    btoa-lite: ^1.0.0
    universal-user-agent: ^6.0.0
  checksum: 2101b70d148409ce24be3b7b5c033b03d92362a7b5786c441532187dac59826dba0ffbe245beb0c4cec55bc4b843b84b4b2ba0ad8ec46a31cc15451f80705b19
  languageName: node
  linkType: hard

"@octokit/auth-oauth-device@npm:^4.0.0":
  version: 4.0.5
  resolution: "@octokit/auth-oauth-device@npm:4.0.5"
  dependencies:
    "@octokit/oauth-methods": ^2.0.0
    "@octokit/request": ^6.0.0
    "@octokit/types": ^9.0.0
    universal-user-agent: ^6.0.0
  checksum: 361824ba13c56beb05016b48b7d492f7439650abbb9e687c9f3e82ef4830790e1aae3d78c6e95dc317278146442c59821d87bf0b9b3c6d53f87117fe32b380d0
  languageName: node
  linkType: hard

"@octokit/auth-oauth-user@npm:^2.0.0":
  version: 2.1.2
  resolution: "@octokit/auth-oauth-user@npm:2.1.2"
  dependencies:
    "@octokit/auth-oauth-device": ^4.0.0
    "@octokit/oauth-methods": ^2.0.0
    "@octokit/request": ^6.0.0
    "@octokit/types": ^9.0.0
    btoa-lite: ^1.0.0
    universal-user-agent: ^6.0.0
  checksum: cbb4994452b38fecebfd93bcf56b5ac7853f3bb880a42b00eec2fc6a9fdc6582293247cc8ead10814903f47195353c6450fe1a964184def7fe6e746da911b8bc
  languageName: node
  linkType: hard

"@octokit/auth-token@npm:^3.0.0":
  version: 3.0.4
  resolution: "@octokit/auth-token@npm:3.0.4"
  checksum: 42f533a873d4192e6df406b3176141c1f95287423ebdc4cf23a38bb77ee00ccbc0e60e3fbd5874234fc2ed2e67bbc6035e3b0561dacc1d078adb5c4ced3579e3
  languageName: node
  linkType: hard

"@octokit/auth-unauthenticated@npm:^3.0.0":
  version: 3.0.5
  resolution: "@octokit/auth-unauthenticated@npm:3.0.5"
  dependencies:
    "@octokit/request-error": ^3.0.0
    "@octokit/types": ^9.0.0
  checksum: 8372d732af9aeb09e51fc51c9aca00fb4522e182caf514898a27c5d7e33cfd8e39f9d00f7868cfc34ad437280a0fcafb312624a2968526110249e07b2b96b269
  languageName: node
  linkType: hard

"@octokit/core@npm:^4.0.0, @octokit/core@npm:^4.2.1":
  version: 4.2.4
  resolution: "@octokit/core@npm:4.2.4"
  dependencies:
    "@octokit/auth-token": ^3.0.0
    "@octokit/graphql": ^5.0.0
    "@octokit/request": ^6.0.0
    "@octokit/request-error": ^3.0.0
    "@octokit/types": ^9.0.0
    before-after-hook: ^2.2.0
    universal-user-agent: ^6.0.0
  checksum: ac8ab47440a31b0228a034aacac6994b64d6b073ad5b688b4c5157fc5ee0d1af1c926e6087bf17fd7244ee9c5998839da89065a90819bde4a97cb77d4edf58a6
  languageName: node
  linkType: hard

"@octokit/endpoint@npm:^7.0.0":
  version: 7.0.6
  resolution: "@octokit/endpoint@npm:7.0.6"
  dependencies:
    "@octokit/types": ^9.0.0
    is-plain-object: ^5.0.0
    universal-user-agent: ^6.0.0
  checksum: 7caebf30ceec50eb7f253341ed419df355232f03d4638a95c178ee96620400db7e4a5e15d89773fe14db19b8653d4ab4cc81b2e93ca0c760b4e0f7eb7ad80301
  languageName: node
  linkType: hard

"@octokit/graphql@npm:^5.0.0":
  version: 5.0.6
  resolution: "@octokit/graphql@npm:5.0.6"
  dependencies:
    "@octokit/request": ^6.0.0
    "@octokit/types": ^9.0.0
    universal-user-agent: ^6.0.0
  checksum: 7be545d348ef31dcab0a2478dd64d5746419a2f82f61459c774602bcf8a9b577989c18001f50b03f5f61a3d9e34203bdc021a4e4d75ff2d981e8c9c09cf8a65c
  languageName: node
  linkType: hard

"@octokit/oauth-app@npm:^4.0.7, @octokit/oauth-app@npm:^4.2.1":
  version: 4.2.4
  resolution: "@octokit/oauth-app@npm:4.2.4"
  dependencies:
    "@octokit/auth-oauth-app": ^5.0.0
    "@octokit/auth-oauth-user": ^2.0.0
    "@octokit/auth-unauthenticated": ^3.0.0
    "@octokit/core": ^4.0.0
    "@octokit/oauth-authorization-url": ^5.0.0
    "@octokit/oauth-methods": ^2.0.0
    "@types/aws-lambda": ^8.10.83
    fromentries: ^1.3.1
    universal-user-agent: ^6.0.0
  checksum: 6d9798c9e63e84f3cb3031ac3f06f45c6ea053fd201be9a07a508786fd400479d7d9f6f85707d0fff7f094a265c7e966a2fa4c884001b99f02ddd927bf499d06
  languageName: node
  linkType: hard

"@octokit/oauth-authorization-url@npm:^5.0.0":
  version: 5.0.0
  resolution: "@octokit/oauth-authorization-url@npm:5.0.0"
  checksum: bc457c4af9559e9e8f752e643fc9d116247f4e4246e69959d99b9e39196c93d7af53c1c8e3bd946bd0e4fc29f7ba27efe9bced8525ffa41fe45ef56a8281014b
  languageName: node
  linkType: hard

"@octokit/oauth-methods@npm:^2.0.0":
  version: 2.0.6
  resolution: "@octokit/oauth-methods@npm:2.0.6"
  dependencies:
    "@octokit/oauth-authorization-url": ^5.0.0
    "@octokit/request": ^6.2.3
    "@octokit/request-error": ^3.0.3
    "@octokit/types": ^9.0.0
    btoa-lite: ^1.0.0
  checksum: 151b933d79d6fbf36fdfae8cdc868a3d43316352eaccf46cb8c420cfd238658275e41996d2d377177553bc0c637c3aefe8ca99c1ab7fd62054654b6119b7b1cc
  languageName: node
  linkType: hard

"@octokit/openapi-types@npm:^18.0.0":
  version: 18.0.0
  resolution: "@octokit/openapi-types@npm:18.0.0"
  checksum: d487d6c6c1965e583eee417d567e4fe3357a98953fc49bce1a88487e7908e9b5dbb3e98f60dfa340e23b1792725fbc006295aea071c5667a813b9c098185b56f
  languageName: node
  linkType: hard

"@octokit/plugin-paginate-rest@npm:^6.0.0, @octokit/plugin-paginate-rest@npm:^6.1.0":
  version: 6.1.2
  resolution: "@octokit/plugin-paginate-rest@npm:6.1.2"
  dependencies:
    "@octokit/tsconfig": ^1.0.2
    "@octokit/types": ^9.2.3
  peerDependencies:
    "@octokit/core": ">=4"
  checksum: a7b3e686c7cbd27ec07871cde6e0b1dc96337afbcef426bbe3067152a17b535abd480db1861ca28c88d93db5f7bfdbcadd0919ead19818c28a69d0e194038065
  languageName: node
  linkType: hard

"@octokit/plugin-rest-endpoint-methods@npm:^7.1.1":
  version: 7.2.3
  resolution: "@octokit/plugin-rest-endpoint-methods@npm:7.2.3"
  dependencies:
    "@octokit/types": ^10.0.0
  peerDependencies:
    "@octokit/core": ">=3"
  checksum: 21dfb98514dbe900c29cddb13b335bbce43d613800c6b17eba3c1fd31d17e69c1960f3067f7bf864bb38fdd5043391f4a23edee42729d8c7fbabd00569a80336
  languageName: node
  linkType: hard

"@octokit/plugin-retry@npm:^4.1.3":
  version: 4.1.6
  resolution: "@octokit/plugin-retry@npm:4.1.6"
  dependencies:
    "@octokit/types": ^9.0.0
    bottleneck: ^2.15.3
  peerDependencies:
    "@octokit/core": ">=3"
  checksum: 9bebaf7fc9c34683d7e97c0398ab9f5a164ce8770e92e8b8a65ed8e85ee3b0fddc5c72dfb18da112e2f643434d217ec7092f57496808c4ae6c2a824f42ae1ccf
  languageName: node
  linkType: hard

"@octokit/plugin-throttling@npm:^5.2.2":
  version: 5.2.3
  resolution: "@octokit/plugin-throttling@npm:5.2.3"
  dependencies:
    "@octokit/types": ^9.0.0
    bottleneck: ^2.15.3
  peerDependencies:
    "@octokit/core": ^4.0.0
  checksum: ce7ca75d150c63cf1bbcb5b385513bd8cd1f714c5e59f33d25c2afd08fa730250055ef8dffa74113f92e7fb3f209a147442242151607a513f55e4ce382c8e80c
  languageName: node
  linkType: hard

"@octokit/request-error@npm:^3.0.0, @octokit/request-error@npm:^3.0.3, @octokit/request-error@npm:^v3.0.3":
  version: 3.0.3
  resolution: "@octokit/request-error@npm:3.0.3"
  dependencies:
    "@octokit/types": ^9.0.0
    deprecation: ^2.0.0
    once: ^1.4.0
  checksum: 5db0b514732686b627e6ed9ef1ccdbc10501f1b271a9b31f784783f01beee70083d7edcfeb35fbd7e569fa31fdd6762b1ff6b46101700d2d97e7e48e749520d0
  languageName: node
  linkType: hard

"@octokit/request@npm:^6.0.0, @octokit/request@npm:^6.2.3":
  version: 6.2.8
  resolution: "@octokit/request@npm:6.2.8"
  dependencies:
    "@octokit/endpoint": ^7.0.0
    "@octokit/request-error": ^3.0.0
    "@octokit/types": ^9.0.0
    is-plain-object: ^5.0.0
    node-fetch: ^2.6.7
    universal-user-agent: ^6.0.0
  checksum: 3747106f50d7c462131ff995b13defdd78024b7becc40283f4ac9ea0af2391ff33a0bb476a05aa710346fe766d20254979079a1d6f626112015ba271fe38f3e2
  languageName: node
  linkType: hard

"@octokit/tsconfig@npm:^1.0.2":
  version: 1.0.2
  resolution: "@octokit/tsconfig@npm:1.0.2"
  checksum: 74d56f3e9f326a8dd63700e9a51a7c75487180629c7a68bbafee97c612fbf57af8347369bfa6610b9268a3e8b833c19c1e4beb03f26db9a9dce31f6f7a19b5b1
  languageName: node
  linkType: hard

"@octokit/types@npm:^10.0.0":
  version: 10.0.0
  resolution: "@octokit/types@npm:10.0.0"
  dependencies:
    "@octokit/openapi-types": ^18.0.0
  checksum: 8aafba2ff0cd2435fb70c291bf75ed071c0fa8a865cf6169648732068a35dec7b85a345851f18920ec5f3e94ee0e954988485caac0da09ec3f6781cc44fe153a
  languageName: node
  linkType: hard

"@octokit/types@npm:^9.0.0, @octokit/types@npm:^9.2.2, @octokit/types@npm:^9.2.3":
  version: 9.3.2
  resolution: "@octokit/types@npm:9.3.2"
  dependencies:
    "@octokit/openapi-types": ^18.0.0
  checksum: f55d096aaed3e04b8308d4422104fb888f355988056ba7b7ef0a4c397b8a3e54290d7827b06774dbe0c9ce55280b00db486286954f9c265aa6b03091026d9da8
  languageName: node
  linkType: hard

"@octokit/webhooks-methods@npm:^3.0.0":
  version: 3.0.3
  resolution: "@octokit/webhooks-methods@npm:3.0.3"
  checksum: 1caccc8b27ad53bbb8e39cf3db98a3ef5abcec9f919024d7f89618a5156044c6585871cc97176ec63fb2503bfe6b6ca8e4a18313e1eaed1c0163b194a4dada09
  languageName: node
  linkType: hard

"@octokit/webhooks-types@npm:6.11.0":
  version: 6.11.0
  resolution: "@octokit/webhooks-types@npm:6.11.0"
  checksum: af35ac7a3d8d95bf9906fb3a8f6075cf9cb10707c79444fa82df2d64596125f515a35a4995b4548b84ee042c7c1b1cc120e05ece4a197af541a52f154bf4bcce
  languageName: node
  linkType: hard

"@octokit/webhooks@npm:^10.0.0":
  version: 10.9.1
  resolution: "@octokit/webhooks@npm:10.9.1"
  dependencies:
    "@octokit/request-error": ^3.0.0
    "@octokit/webhooks-methods": ^3.0.0
    "@octokit/webhooks-types": 6.11.0
    aggregate-error: ^3.1.0
  checksum: 3ee4ae98777653d629068c7914a8df29affb399a385ae55954953afa0caa856bab0cf8e92cfa80d36db0e7dd08eada0a3597cffd2f503a9078410660f0609161
  languageName: node
  linkType: hard

"@tootallnate/once@npm:2":
  version: 2.0.0
  resolution: "@tootallnate/once@npm:2.0.0"
  checksum: ad87447820dd3f24825d2d947ebc03072b20a42bfc96cbafec16bff8bbda6c1a81fcb0be56d5b21968560c5359a0af4038a68ba150c3e1694fe4c109a063bed8
  languageName: node
  linkType: hard

"@types/aws-lambda@npm:^8.10.83":
  version: 8.10.119
  resolution: "@types/aws-lambda@npm:8.10.119"
  checksum: 56328bd147fcbcd89da641f7cb0a5cfa1c1e0b0728a1c39769b6b912729737f5d7afc0701b0b0e949ba2b869efd53500e78a2d8733b1eb69c3cc27c06b05623b
  languageName: node
  linkType: hard

"@types/btoa-lite@npm:^1.0.0":
  version: 1.0.0
  resolution: "@types/btoa-lite@npm:1.0.0"
  checksum: 4d0c3c36cc8aa5669d286d62ca45d925e3ea0db75222ebacb0d9f4fd7822b8e162da8773887e045c11d64c42373807d2ab2ad97a5d8a683d2e1c981e6a05ce33
  languageName: node
  linkType: hard

"@types/jsonwebtoken@npm:^9.0.0":
  version: 9.0.2
  resolution: "@types/jsonwebtoken@npm:9.0.2"
  dependencies:
    "@types/node": "*"
  checksum: 3bb8d40e78d7eb53e427db6e9f0f22e0890cfee80965dcf741d08341814913afb211306de6e9847c6d241cc8e36f8a59090cbfdcc510ab7c81af9d650c5afe0e
  languageName: node
  linkType: hard

"@types/node@npm:*":
  version: 20.4.1
  resolution: "@types/node@npm:20.4.1"
  checksum: 22cbcc792f2eb636fe4188778ed0f32658ab872aa7fcb9847b3fa289a42b14b9f5e30c6faec50ef3c7adbc6c2a246926e5858136bb8b10c035a3fcaa6afbeed2
  languageName: node
  linkType: hard

"abab@npm:^2.0.6":
  version: 2.0.6
  resolution: "abab@npm:2.0.6"
  checksum: 6ffc1af4ff315066c62600123990d87551ceb0aafa01e6539da77b0f5987ac7019466780bf480f1787576d4385e3690c81ccc37cfda12819bf510b8ab47e5a3e
  languageName: node
  linkType: hard

"agent-base@npm:6":
  version: 6.0.2
  resolution: "agent-base@npm:6.0.2"
  dependencies:
    debug: 4
  checksum: f52b6872cc96fd5f622071b71ef200e01c7c4c454ee68bc9accca90c98cfb39f2810e3e9aa330435835eedc8c23f4f8a15267f67c6e245d2b33757575bdac49d
  languageName: node
  linkType: hard

"aggregate-error@npm:^3.1.0":
  version: 3.1.0
  resolution: "aggregate-error@npm:3.1.0"
  dependencies:
    clean-stack: ^2.0.0
    indent-string: ^4.0.0
  checksum: 1101a33f21baa27a2fa8e04b698271e64616b886795fd43c31068c07533c7b3facfcaf4e9e0cab3624bd88f729a592f1c901a1a229c9e490eafce411a8644b79
  languageName: node
  linkType: hard

"asynckit@npm:^0.4.0":
  version: 0.4.0
  resolution: "asynckit@npm:0.4.0"
  checksum: 7b78c451df768adba04e2d02e63e2d0bf3b07adcd6e42b4cf665cb7ce899bedd344c69a1dcbce355b5f972d597b25aaa1c1742b52cffd9caccb22f348114f6be
  languageName: node
  linkType: hard

"before-after-hook@npm:^2.2.0":
  version: 2.2.3
  resolution: "before-after-hook@npm:2.2.3"
  checksum: a1a2430976d9bdab4cd89cb50d27fa86b19e2b41812bf1315923b0cba03371ebca99449809226425dd3bcef20e010db61abdaff549278e111d6480034bebae87
  languageName: node
  linkType: hard

"bottleneck@npm:^2.15.3":
  version: 2.19.5
  resolution: "bottleneck@npm:2.19.5"
  checksum: c5eef1bbea12cef1f1405e7306e7d24860568b0f7ac5eeab706a86762b3fc65ef6d1c641c8a166e4db90f412fc5c948fc5ce8008a8cd3d28c7212ef9c3482bda
  languageName: node
  linkType: hard

"btoa-lite@npm:^1.0.0":
  version: 1.0.0
  resolution: "btoa-lite@npm:1.0.0"
  checksum: c2d61993b801f8e35a96f20692a45459c753d9baa29d86d1343e714f8d6bbe7069f1a20a5ae868488f3fb137d5bd0c560f6fbbc90b5a71050919d2d2c97c0475
  languageName: node
  linkType: hard

"buffer-equal-constant-time@npm:1.0.1":
  version: 1.0.1
  resolution: "buffer-equal-constant-time@npm:1.0.1"
  checksum: 80bb945f5d782a56f374b292770901065bad21420e34936ecbe949e57724b4a13874f735850dd1cc61f078773c4fb5493a41391e7bda40d1fa388d6bd80daaab
  languageName: node
  linkType: hard

"clean-stack@npm:^2.0.0":
  version: 2.2.0
  resolution: "clean-stack@npm:2.2.0"
  checksum: 2ac8cd2b2f5ec986a3c743935ec85b07bc174d5421a5efc8017e1f146a1cf5f781ae962618f416352103b32c9cd7e203276e8c28241bbe946160cab16149fb68
  languageName: node
  linkType: hard

"combined-stream@npm:^1.0.8":
  version: 1.0.8
  resolution: "combined-stream@npm:1.0.8"
  dependencies:
    delayed-stream: ~1.0.0
  checksum: 49fa4aeb4916567e33ea81d088f6584749fc90c7abec76fd516bf1c5aa5c79f3584b5ba3de6b86d26ddd64bae5329c4c7479343250cfe71c75bb366eae53bb7c
  languageName: node
  linkType: hard

"cssstyle@npm:^3.0.0":
  version: 3.0.0
  resolution: "cssstyle@npm:3.0.0"
  dependencies:
    rrweb-cssom: ^0.6.0
  checksum: 31f694dfed9998ed93570fe539610837b878193dd8487c33cb12db8004333c53c2a3904166288bbec68388c72fb01014d46d3243ddfb02fe845989d852c06f27
  languageName: node
  linkType: hard

"data-uri-to-buffer@npm:^4.0.0":
  version: 4.0.1
  resolution: "data-uri-to-buffer@npm:4.0.1"
  checksum: 0d0790b67ffec5302f204c2ccca4494f70b4e2d940fea3d36b09f0bb2b8539c2e86690429eb1f1dc4bcc9e4df0644193073e63d9ee48ac9fce79ec1506e4aa4c
  languageName: node
  linkType: hard

"data-urls@npm:^4.0.0":
  version: 4.0.0
  resolution: "data-urls@npm:4.0.0"
  dependencies:
    abab: ^2.0.6
    whatwg-mimetype: ^3.0.0
    whatwg-url: ^12.0.0
  checksum: 006e869b5bf079647949a3e9b1dd69d84b2d5d26e6b01c265485699bc96e83817d4b5aae758b2910a4c58c0601913f3a0034121c1ca2da268e9a244c57515b15
  languageName: node
  linkType: hard

"debug@npm:4":
  version: 4.3.4
  resolution: "debug@npm:4.3.4"
  dependencies:
    ms: 2.1.2
  peerDependenciesMeta:
    supports-color:
      optional: true
  checksum: 3dbad3f94ea64f34431a9cbf0bafb61853eda57bff2880036153438f50fb5a84f27683ba0d8e5426bf41a8c6ff03879488120cf5b3a761e77953169c0600a708
  languageName: node
  linkType: hard

"decimal.js@npm:^10.4.3":
  version: 10.4.3
  resolution: "decimal.js@npm:10.4.3"
  checksum: 796404dcfa9d1dbfdc48870229d57f788b48c21c603c3f6554a1c17c10195fc1024de338b0cf9e1efe0c7c167eeb18f04548979bcc5fdfabebb7cc0ae3287bae
  languageName: node
  linkType: hard

"delayed-stream@npm:~1.0.0":
  version: 1.0.0
  resolution: "delayed-stream@npm:1.0.0"
  checksum: 46fe6e83e2cb1d85ba50bd52803c68be9bd953282fa7096f51fc29edd5d67ff84ff753c51966061e5ba7cb5e47ef6d36a91924eddb7f3f3483b1c560f77a0020
  languageName: node
  linkType: hard

"deprecation@npm:^2.0.0, deprecation@npm:^2.3.1":
  version: 2.3.1
  resolution: "deprecation@npm:2.3.1"
  checksum: f56a05e182c2c195071385455956b0c4106fe14e36245b00c689ceef8e8ab639235176a96977ba7c74afb173317fac2e0ec6ec7a1c6d1e6eaa401c586c714132
  languageName: node
  linkType: hard

"domexception@npm:^4.0.0":
  version: 4.0.0
  resolution: "domexception@npm:4.0.0"
  dependencies:
    webidl-conversions: ^7.0.0
  checksum: ddbc1268edf33a8ba02ccc596735ede80375ee0cf124b30d2f05df5b464ba78ef4f49889b6391df4a04954e63d42d5631c7fcf8b1c4f12bc531252977a5f13d5
  languageName: node
  linkType: hard

"ecdsa-sig-formatter@npm:1.0.11":
  version: 1.0.11
  resolution: "ecdsa-sig-formatter@npm:1.0.11"
  dependencies:
    safe-buffer: ^5.0.1
  checksum: 207f9ab1c2669b8e65540bce29506134613dd5f122cccf1e6a560f4d63f2732d427d938f8481df175505aad94583bcb32c688737bb39a6df0625f903d6d93c03
  languageName: node
  linkType: hard

"entities@npm:^4.4.0":
  version: 4.5.0
  resolution: "entities@npm:4.5.0"
  checksum: 853f8ebd5b425d350bffa97dd6958143179a5938352ccae092c62d1267c4e392a039be1bae7d51b6e4ffad25f51f9617531fedf5237f15df302ccfb452cbf2d7
  languageName: node
  linkType: hard

"fetch-blob@npm:^3.1.2, fetch-blob@npm:^3.1.4":
  version: 3.2.0
  resolution: "fetch-blob@npm:3.2.0"
  dependencies:
    node-domexception: ^1.0.0
    web-streams-polyfill: ^3.0.3
  checksum: f19bc28a2a0b9626e69fd7cf3a05798706db7f6c7548da657cbf5026a570945f5eeaedff52007ea35c8bcd3d237c58a20bf1543bc568ab2422411d762dd3d5bf
  languageName: node
  linkType: hard

"form-data@npm:^4.0.0":
  version: 4.0.0
  resolution: "form-data@npm:4.0.0"
  dependencies:
    asynckit: ^0.4.0
    combined-stream: ^1.0.8
    mime-types: ^2.1.12
  checksum: 01135bf8675f9d5c61ff18e2e2932f719ca4de964e3be90ef4c36aacfc7b9cb2fceb5eca0b7e0190e3383fe51c5b37f4cb80b62ca06a99aaabfcfd6ac7c9328c
  languageName: node
  linkType: hard

"formdata-polyfill@npm:^4.0.10":
  version: 4.0.10
  resolution: "formdata-polyfill@npm:4.0.10"
  dependencies:
    fetch-blob: ^3.1.2
  checksum: 82a34df292afadd82b43d4a740ce387bc08541e0a534358425193017bf9fb3567875dc5f69564984b1da979979b70703aa73dee715a17b6c229752ae736dd9db
  languageName: node
  linkType: hard

"fromentries@npm:^1.3.1":
  version: 1.3.2
  resolution: "fromentries@npm:1.3.2"
  checksum: 33729c529ce19f5494f846f0dd4945078f4e37f4e8955f4ae8cc7385c218f600e9d93a7d225d17636c20d1889106fd87061f911550861b7072f53bf891e6b341
  languageName: node
  linkType: hard

"html-encoding-sniffer@npm:^3.0.0":
  version: 3.0.0
  resolution: "html-encoding-sniffer@npm:3.0.0"
  dependencies:
    whatwg-encoding: ^2.0.0
  checksum: 8d806aa00487e279e5ccb573366a951a9f68f65c90298eac9c3a2b440a7ffe46615aff2995a2f61c6746c639234e6179a97e18ca5ccbbf93d3725ef2099a4502
  languageName: node
  linkType: hard

"http-proxy-agent@npm:^5.0.0":
  version: 5.0.0
  resolution: "http-proxy-agent@npm:5.0.0"
  dependencies:
    "@tootallnate/once": 2
    agent-base: 6
    debug: 4
  checksum: e2ee1ff1656a131953839b2a19cd1f3a52d97c25ba87bd2559af6ae87114abf60971e498021f9b73f9fd78aea8876d1fb0d4656aac8a03c6caa9fc175f22b786
  languageName: node
  linkType: hard

"https-proxy-agent@npm:^5.0.1":
  version: 5.0.1
  resolution: "https-proxy-agent@npm:5.0.1"
  dependencies:
    agent-base: 6
    debug: 4
  checksum: 571fccdf38184f05943e12d37d6ce38197becdd69e58d03f43637f7fa1269cf303a7d228aa27e5b27bbd3af8f09fd938e1c91dcfefff2df7ba77c20ed8dfc765
  languageName: node
  linkType: hard

"iconv-lite@npm:0.6.3":
  version: 0.6.3
  resolution: "iconv-lite@npm:0.6.3"
  dependencies:
    safer-buffer: ">= 2.1.2 < 3.0.0"
  checksum: 3f60d47a5c8fc3313317edfd29a00a692cc87a19cac0159e2ce711d0ebc9019064108323b5e493625e25594f11c6236647d8e256fbe7a58f4a3b33b89e6d30bf
  languageName: node
  linkType: hard

"indent-string@npm:^4.0.0":
  version: 4.0.0
  resolution: "indent-string@npm:4.0.0"
  checksum: 824cfb9929d031dabf059bebfe08cf3137365e112019086ed3dcff6a0a7b698cb80cf67ccccde0e25b9e2d7527aa6cc1fed1ac490c752162496caba3e6699612
  languageName: node
  linkType: hard

"is-plain-object@npm:^5.0.0":
  version: 5.0.0
  resolution: "is-plain-object@npm:5.0.0"
  checksum: e32d27061eef62c0847d303125440a38660517e586f2f3db7c9d179ae5b6674ab0f469d519b2e25c147a1a3bc87156d0d5f4d8821e0ce4a9ee7fe1fcf11ce45c
  languageName: node
  linkType: hard

"is-potential-custom-element-name@npm:^1.0.1":
  version: 1.0.1
  resolution: "is-potential-custom-element-name@npm:1.0.1"
  checksum: ced7bbbb6433a5b684af581872afe0e1767e2d1146b2207ca0068a648fb5cab9d898495d1ac0583524faaf24ca98176a7d9876363097c2d14fee6dd324f3a1ab
  languageName: node
  linkType: hard

"jsdom@npm:^22.1.0":
  version: 22.1.0
  resolution: "jsdom@npm:22.1.0"
  dependencies:
    abab: ^2.0.6
    cssstyle: ^3.0.0
    data-urls: ^4.0.0
    decimal.js: ^10.4.3
    domexception: ^4.0.0
    form-data: ^4.0.0
    html-encoding-sniffer: ^3.0.0
    http-proxy-agent: ^5.0.0
    https-proxy-agent: ^5.0.1
    is-potential-custom-element-name: ^1.0.1
    nwsapi: ^2.2.4
    parse5: ^7.1.2
    rrweb-cssom: ^0.6.0
    saxes: ^6.0.0
    symbol-tree: ^3.2.4
    tough-cookie: ^4.1.2
    w3c-xmlserializer: ^4.0.0
    webidl-conversions: ^7.0.0
    whatwg-encoding: ^2.0.0
    whatwg-mimetype: ^3.0.0
    whatwg-url: ^12.0.1
    ws: ^8.13.0
    xml-name-validator: ^4.0.0
  peerDependencies:
    canvas: ^2.5.0
  peerDependenciesMeta:
    canvas:
      optional: true
  checksum: d955ab83a6dad3e6af444098d30647c719bbb4cf97de053aa5751c03c8d6f3283d8c4d7fc2774c181f1d432fb0250e7332bc159e6b466424f4e337d73adcbf30
  languageName: node
  linkType: hard

"jsonwebtoken@npm:^9.0.0":
  version: 9.0.1
  resolution: "jsonwebtoken@npm:9.0.1"
  dependencies:
    jws: ^3.2.2
    lodash: ^4.17.21
    ms: ^2.1.1
    semver: ^7.3.8
  checksum: 0eafe268896f4e8f9ab1f0f20e8c645721b7a9cddc41c0aba1e58da5c34564e8c9990817c1a5b646d795bcbb1339350826fe57c4569b5379ba9eea4a9aa5bbd0
  languageName: node
  linkType: hard

"jwa@npm:^1.4.1":
  version: 1.4.1
  resolution: "jwa@npm:1.4.1"
  dependencies:
    buffer-equal-constant-time: 1.0.1
    ecdsa-sig-formatter: 1.0.11
    safe-buffer: ^5.0.1
  checksum: ff30ea7c2dcc61f3ed2098d868bf89d43701605090c5b21b5544b512843ec6fd9e028381a4dda466cbcdb885c2d1150f7c62e7168394ee07941b4098e1035e2f
  languageName: node
  linkType: hard

"jws@npm:^3.2.2":
  version: 3.2.2
  resolution: "jws@npm:3.2.2"
  dependencies:
    jwa: ^1.4.1
    safe-buffer: ^5.0.1
  checksum: f0213fe5b79344c56cd443428d8f65c16bf842dc8cb8f5aed693e1e91d79c20741663ad6eff07a6d2c433d1831acc9814e8d7bada6a0471fbb91d09ceb2bf5c2
  languageName: node
  linkType: hard

"lodash@npm:^4.17.21":
  version: 4.17.21
  resolution: "lodash@npm:4.17.21"
  checksum: eb835a2e51d381e561e508ce932ea50a8e5a68f4ebdd771ea240d3048244a8d13658acbd502cd4829768c56f2e16bdd4340b9ea141297d472517b83868e677f7
  languageName: node
  linkType: hard

"lru-cache@npm:^6.0.0":
  version: 6.0.0
  resolution: "lru-cache@npm:6.0.0"
  dependencies:
    yallist: ^4.0.0
  checksum: f97f499f898f23e4585742138a22f22526254fdba6d75d41a1c2526b3b6cc5747ef59c5612ba7375f42aca4f8461950e925ba08c991ead0651b4918b7c978297
  languageName: node
  linkType: hard

"lru-cache@npm:^9.0.0":
  version: 9.1.2
  resolution: "lru-cache@npm:9.1.2"
  checksum: d3415634be3908909081fc4c56371a8d562d9081eba70543d86871b978702fffd0e9e362b83921b27a29ae2b37b90f55675aad770a54ac83bb3e4de5049d4b15
  languageName: node
  linkType: hard

"mime-db@npm:1.52.0":
  version: 1.52.0
  resolution: "mime-db@npm:1.52.0"
  checksum: 0d99a03585f8b39d68182803b12ac601d9c01abfa28ec56204fa330bc9f3d1c5e14beb049bafadb3dbdf646dfb94b87e24d4ec7b31b7279ef906a8ea9b6a513f
  languageName: node
  linkType: hard

"mime-types@npm:^2.1.12":
  version: 2.1.35
  resolution: "mime-types@npm:2.1.35"
  dependencies:
    mime-db: 1.52.0
  checksum: 89a5b7f1def9f3af5dad6496c5ed50191ae4331cc5389d7c521c8ad28d5fdad2d06fd81baf38fed813dc4e46bb55c8145bb0ff406330818c9cf712fb2e9b3836
  languageName: node
  linkType: hard

"ms@npm:2.1.2":
  version: 2.1.2
  resolution: "ms@npm:2.1.2"
  checksum: 673cdb2c3133eb050c745908d8ce632ed2c02d85640e2edb3ace856a2266a813b30c613569bf3354fdf4ea7d1a1494add3bfa95e2713baa27d0c2c71fc44f58f
  languageName: node
  linkType: hard

"ms@npm:^2.1.1":
  version: 2.1.3
  resolution: "ms@npm:2.1.3"
  checksum: aa92de608021b242401676e35cfa5aa42dd70cbdc082b916da7fb925c542173e36bce97ea3e804923fe92c0ad991434e4a38327e15a1b5b5f945d66df615ae6d
  languageName: node
  linkType: hard

"node-domexception@npm:^1.0.0":
  version: 1.0.0
  resolution: "node-domexception@npm:1.0.0"
  checksum: ee1d37dd2a4eb26a8a92cd6b64dfc29caec72bff5e1ed9aba80c294f57a31ba4895a60fd48347cf17dd6e766da0ae87d75657dfd1f384ebfa60462c2283f5c7f
  languageName: node
  linkType: hard

"node-fetch@npm:^2.6.7":
  version: 2.6.12
  resolution: "node-fetch@npm:2.6.12"
  dependencies:
    whatwg-url: ^5.0.0
  peerDependencies:
    encoding: ^0.1.0
  peerDependenciesMeta:
    encoding:
      optional: true
  checksum: 3bc1655203d47ee8e313c0d96664b9673a3d4dd8002740318e9d27d14ef306693a4b2ef8d6525775056fd912a19e23f3ac0d7111ad8925877b7567b29a625592
  languageName: node
  linkType: hard

"node-fetch@npm:^3.3.1":
  version: 3.3.1
  resolution: "node-fetch@npm:3.3.1"
  dependencies:
    data-uri-to-buffer: ^4.0.0
    fetch-blob: ^3.1.4
    formdata-polyfill: ^4.0.10
  checksum: 62145fd3ba4770a76110bc31fdc0054ab2f5442b5ce96e9c4b39fc9e94a3d305560eec76e1165d9259eab866e02a8eecf9301062bb5dfc9f08a4d08b69d223dd
  languageName: node
  linkType: hard

"nwsapi@npm:^2.2.4":
  version: 2.2.7
  resolution: "nwsapi@npm:2.2.7"
  checksum: cab25f7983acec7e23490fec3ef7be608041b460504229770e3bfcf9977c41d6fe58f518994d3bd9aa3a101f501089a3d4a63536f4ff8ae4b8c4ca23bdbfda4e
  languageName: node
  linkType: hard

"octokit@npm:^2.1.0":
  version: 2.1.0
  resolution: "octokit@npm:2.1.0"
  dependencies:
    "@octokit/app": ^13.1.5
    "@octokit/core": ^4.2.1
    "@octokit/oauth-app": ^4.2.1
    "@octokit/plugin-paginate-rest": ^6.1.0
    "@octokit/plugin-rest-endpoint-methods": ^7.1.1
    "@octokit/plugin-retry": ^4.1.3
    "@octokit/plugin-throttling": ^5.2.2
    "@octokit/request-error": ^v3.0.3
    "@octokit/types": ^9.2.2
  checksum: 612f3c40c0d8d330793476066fcf2a6ed77ad52690201d7c2df11044c4b3dfbefefbe13443ac4037a2128c6f13d59a2f481bc0b315b1bc650e5ff6da9a811e61
  languageName: node
  linkType: hard

"once@npm:^1.4.0":
  version: 1.4.0
  resolution: "once@npm:1.4.0"
  dependencies:
    wrappy: 1
  checksum: cd0a88501333edd640d95f0d2700fbde6bff20b3d4d9bdc521bdd31af0656b5706570d6c6afe532045a20bb8dc0849f8332d6f2a416e0ba6d3d3b98806c7db68
  languageName: node
  linkType: hard

"parse5@npm:^7.1.2":
  version: 7.1.2
  resolution: "parse5@npm:7.1.2"
  dependencies:
    entities: ^4.4.0
  checksum: 59465dd05eb4c5ec87b76173d1c596e152a10e290b7abcda1aecf0f33be49646ea74840c69af975d7887543ea45564801736356c568d6b5e71792fd0f4055713
  languageName: node
  linkType: hard

"psl@npm:^1.1.33":
  version: 1.9.0
  resolution: "psl@npm:1.9.0"
  checksum: 20c4277f640c93d393130673f392618e9a8044c6c7bf61c53917a0fddb4952790f5f362c6c730a9c32b124813e173733f9895add8d26f566ed0ea0654b2e711d
  languageName: node
  linkType: hard

"punycode@npm:^2.1.1, punycode@npm:^2.3.0":
  version: 2.3.0
  resolution: "punycode@npm:2.3.0"
  checksum: 39f760e09a2a3bbfe8f5287cf733ecdad69d6af2fe6f97ca95f24b8921858b91e9ea3c9eeec6e08cede96181b3bb33f95c6ffd8c77e63986508aa2e8159fa200
  languageName: node
  linkType: hard

"querystringify@npm:^2.1.1":
  version: 2.2.0
  resolution: "querystringify@npm:2.2.0"
  checksum: 5641ea231bad7ef6d64d9998faca95611ed4b11c2591a8cae741e178a974f6a8e0ebde008475259abe1621cb15e692404e6b6626e927f7b849d5c09392604b15
  languageName: node
  linkType: hard

"requires-port@npm:^1.0.0":
  version: 1.0.0
  resolution: "requires-port@npm:1.0.0"
  checksum: eee0e303adffb69be55d1a214e415cf42b7441ae858c76dfc5353148644f6fd6e698926fc4643f510d5c126d12a705e7c8ed7e38061113bdf37547ab356797ff
  languageName: node
  linkType: hard

"rrweb-cssom@npm:^0.6.0":
  version: 0.6.0
  resolution: "rrweb-cssom@npm:0.6.0"
  checksum: 182312f6e4f41d18230ccc34f14263bc8e8a6b9d30ee3ec0d2d8e643c6f27964cd7a8d638d4a00e988d93e8dc55369f4ab5a473ccfeff7a8bab95b36d2b5499c
  languageName: node
  linkType: hard

"safe-buffer@npm:^5.0.1":
  version: 5.2.1
  resolution: "safe-buffer@npm:5.2.1"
  checksum: b99c4b41fdd67a6aaf280fcd05e9ffb0813654894223afb78a31f14a19ad220bba8aba1cb14eddce1fcfb037155fe6de4e861784eb434f7d11ed58d1e70dd491
  languageName: node
  linkType: hard

"safer-buffer@npm:>= 2.1.2 < 3.0.0":
  version: 2.1.2
  resolution: "safer-buffer@npm:2.1.2"
  checksum: cab8f25ae6f1434abee8d80023d7e72b598cf1327164ddab31003c51215526801e40b66c5e65d658a0af1e9d6478cadcb4c745f4bd6751f97d8644786c0978b0
  languageName: node
  linkType: hard

"saxes@npm:^6.0.0":
  version: 6.0.0
  resolution: "saxes@npm:6.0.0"
  dependencies:
    xmlchars: ^2.2.0
  checksum: d3fa3e2aaf6c65ed52ee993aff1891fc47d5e47d515164b5449cbf5da2cbdc396137e55590472e64c5c436c14ae64a8a03c29b9e7389fc6f14035cf4e982ef3b
  languageName: node
  linkType: hard

"scripts@workspace:.":
  version: 0.0.0-use.local
  resolution: "scripts@workspace:."
  dependencies:
    jsdom: ^22.1.0
    node-fetch: ^3.3.1
    octokit: ^2.1.0
    typescript: ^5.1.6
  languageName: unknown
  linkType: soft

"semver@npm:^7.3.8":
  version: 7.5.4
  resolution: "semver@npm:7.5.4"
  dependencies:
    lru-cache: ^6.0.0
  bin:
    semver: bin/semver.js
  checksum: 12d8ad952fa353b0995bf180cdac205a4068b759a140e5d3c608317098b3575ac2f1e09182206bf2eb26120e1c0ed8fb92c48c592f6099680de56bb071423ca3
  languageName: node
  linkType: hard

"symbol-tree@npm:^3.2.4":
  version: 3.2.4
  resolution: "symbol-tree@npm:3.2.4"
  checksum: 6e8fc7e1486b8b54bea91199d9535bb72f10842e40c79e882fc94fb7b14b89866adf2fd79efa5ebb5b658bc07fb459ccce5ac0e99ef3d72f474e74aaf284029d
  languageName: node
  linkType: hard

"tough-cookie@npm:^4.1.2":
  version: 4.1.3
  resolution: "tough-cookie@npm:4.1.3"
  dependencies:
    psl: ^1.1.33
    punycode: ^2.1.1
    universalify: ^0.2.0
    url-parse: ^1.5.3
  checksum: c9226afff36492a52118432611af083d1d8493a53ff41ec4ea48e5b583aec744b989e4280bcf476c910ec1525a89a4a0f1cae81c08b18fb2ec3a9b3a72b91dcc
  languageName: node
  linkType: hard

"tr46@npm:^4.1.1":
  version: 4.1.1
  resolution: "tr46@npm:4.1.1"
  dependencies:
    punycode: ^2.3.0
  checksum: aeeb821ac2cd792e63ec84888b4fd6598ac6ed75d861579e21a5cf9d4ee78b2c6b94e7d45036f2ca2088bc85b9b46560ad23c4482979421063b24137349dbd96
  languageName: node
  linkType: hard

"tr46@npm:~0.0.3":
  version: 0.0.3
  resolution: "tr46@npm:0.0.3"
  checksum: 726321c5eaf41b5002e17ffbd1fb7245999a073e8979085dacd47c4b4e8068ff5777142fc6726d6ca1fd2ff16921b48788b87225cbc57c72636f6efa8efbffe3
  languageName: node
  linkType: hard

"typescript@npm:^5.1.6":
  version: 5.1.6
  resolution: "typescript@npm:5.1.6"
  bin:
    tsc: bin/tsc
    tsserver: bin/tsserver
  checksum: b2f2c35096035fe1f5facd1e38922ccb8558996331405eb00a5111cc948b2e733163cc22fab5db46992aba7dd520fff637f2c1df4996ff0e134e77d3249a7350
  languageName: node
  linkType: hard

"typescript@patch:typescript@^5.1.6#~builtin<compat/typescript>":
  version: 5.1.6
  resolution: "typescript@patch:typescript@npm%3A5.1.6#~builtin<compat/typescript>::version=5.1.6&hash=5da071"
  bin:
    tsc: bin/tsc
    tsserver: bin/tsserver
  checksum: f53bfe97f7c8b2b6d23cf572750d4e7d1e0c5fff1c36d859d0ec84556a827b8785077bc27676bf7e71fae538e517c3ecc0f37e7f593be913d884805d931bc8be
  languageName: node
  linkType: hard

"universal-github-app-jwt@npm:^1.1.1":
  version: 1.1.1
  resolution: "universal-github-app-jwt@npm:1.1.1"
  dependencies:
    "@types/jsonwebtoken": ^9.0.0
    jsonwebtoken: ^9.0.0
  checksum: 31d30150b9eafa9fa8bf57bd6f97d7d91d4509ad24fa673a6e29ac2295b8f1fc293a70cb44fa807af7cfd787db1cf6edd3876fc0cae31230c5292b76677159fc
  languageName: node
  linkType: hard

"universal-user-agent@npm:^6.0.0":
  version: 6.0.0
  resolution: "universal-user-agent@npm:6.0.0"
  checksum: 5092bbc80dd0d583cef0b62c17df0043193b74f425112ea6c1f69bc5eda21eeec7a08d8c4f793a277eb2202ffe9b44bec852fa3faff971234cd209874d1b79ef
  languageName: node
  linkType: hard

"universalify@npm:^0.2.0":
  version: 0.2.0
  resolution: "universalify@npm:0.2.0"
  checksum: e86134cb12919d177c2353196a4cc09981524ee87abf621f7bc8d249dbbbebaec5e7d1314b96061497981350df786e4c5128dbf442eba104d6e765bc260678b5
  languageName: node
  linkType: hard

"url-parse@npm:^1.5.3":
  version: 1.5.10
  resolution: "url-parse@npm:1.5.10"
  dependencies:
    querystringify: ^2.1.1
    requires-port: ^1.0.0
  checksum: fbdba6b1d83336aca2216bbdc38ba658d9cfb8fc7f665eb8b17852de638ff7d1a162c198a8e4ed66001ddbf6c9888d41e4798912c62b4fd777a31657989f7bdf
  languageName: node
  linkType: hard

"w3c-xmlserializer@npm:^4.0.0":
  version: 4.0.0
  resolution: "w3c-xmlserializer@npm:4.0.0"
  dependencies:
    xml-name-validator: ^4.0.0
  checksum: eba070e78deb408ae8defa4d36b429f084b2b47a4741c4a9be3f27a0a3d1845e277e3072b04391a138f7e43776842627d1334e448ff13ff90ad9fb1214ee7091
  languageName: node
  linkType: hard

"web-streams-polyfill@npm:^3.0.3":
  version: 3.2.1
  resolution: "web-streams-polyfill@npm:3.2.1"
  checksum: b119c78574b6d65935e35098c2afdcd752b84268e18746606af149e3c424e15621b6f1ff0b42b2676dc012fc4f0d313f964b41a4b5031e525faa03997457da02
  languageName: node
  linkType: hard

"webidl-conversions@npm:^3.0.0":
  version: 3.0.1
  resolution: "webidl-conversions@npm:3.0.1"
  checksum: c92a0a6ab95314bde9c32e1d0a6dfac83b578f8fa5f21e675bc2706ed6981bc26b7eb7e6a1fab158e5ce4adf9caa4a0aee49a52505d4d13c7be545f15021b17c
  languageName: node
  linkType: hard

"webidl-conversions@npm:^7.0.0":
  version: 7.0.0
  resolution: "webidl-conversions@npm:7.0.0"
  checksum: f05588567a2a76428515333eff87200fae6c83c3948a7482ebb109562971e77ef6dc49749afa58abb993391227c5697b3ecca52018793e0cb4620a48f10bd21b
  languageName: node
  linkType: hard

"whatwg-encoding@npm:^2.0.0":
  version: 2.0.0
  resolution: "whatwg-encoding@npm:2.0.0"
  dependencies:
    iconv-lite: 0.6.3
  checksum: 7087810c410aa9b689cbd6af8773341a53cdc1f3aae2a882c163bd5522ec8ca4cdfc269aef417a5792f411807d5d77d50df4c24e3abb00bb60192858a40cc675
  languageName: node
  linkType: hard

"whatwg-mimetype@npm:^3.0.0":
  version: 3.0.0
  resolution: "whatwg-mimetype@npm:3.0.0"
  checksum: ce08bbb36b6aaf64f3a84da89707e3e6a31e5ab1c1a2379fd68df79ba712a4ab090904f0b50e6693b0dafc8e6343a6157e40bf18fdffd26e513cf95ee2a59824
  languageName: node
  linkType: hard

"whatwg-url@npm:^12.0.0, whatwg-url@npm:^12.0.1":
  version: 12.0.1
  resolution: "whatwg-url@npm:12.0.1"
  dependencies:
    tr46: ^4.1.1
    webidl-conversions: ^7.0.0
  checksum: 8698993b763c1e7eda5ed16c31dab24bca6489626aca7caf8b5a2b64684dda6578194786f10ec42ceb1c175feea16d0a915096e6419e08d154ce551c43176972
  languageName: node
  linkType: hard

"whatwg-url@npm:^5.0.0":
  version: 5.0.0
  resolution: "whatwg-url@npm:5.0.0"
  dependencies:
    tr46: ~0.0.3
    webidl-conversions: ^3.0.0
  checksum: b8daed4ad3356cc4899048a15b2c143a9aed0dfae1f611ebd55073310c7b910f522ad75d727346ad64203d7e6c79ef25eafd465f4d12775ca44b90fa82ed9e2c
  languageName: node
  linkType: hard

"wrappy@npm:1":
  version: 1.0.2
  resolution: "wrappy@npm:1.0.2"
  checksum: 159da4805f7e84a3d003d8841557196034155008f817172d4e986bd591f74aa82aa7db55929a54222309e01079a65a92a9e6414da5a6aa4b01ee44a511ac3ee5
  languageName: node
  linkType: hard

"ws@npm:^8.13.0":
  version: 8.13.0
  resolution: "ws@npm:8.13.0"
  peerDependencies:
    bufferutil: ^4.0.1
    utf-8-validate: ">=5.0.2"
  peerDependenciesMeta:
    bufferutil:
      optional: true
    utf-8-validate:
      optional: true
  checksum: 53e991bbf928faf5dc6efac9b8eb9ab6497c69feeb94f963d648b7a3530a720b19ec2e0ec037344257e05a4f35bd9ad04d9de6f289615ffb133282031b18c61c
  languageName: node
  linkType: hard

"xml-name-validator@npm:^4.0.0":
  version: 4.0.0
  resolution: "xml-name-validator@npm:4.0.0"
  checksum: af100b79c29804f05fa35aa3683e29a321db9b9685d5e5febda3fa1e40f13f85abc40f45a6b2bf7bee33f68a1dc5e8eaef4cec100a304a9db565e6061d4cb5ad
  languageName: node
  linkType: hard

"xmlchars@npm:^2.2.0":
  version: 2.2.0
  resolution: "xmlchars@npm:2.2.0"
  checksum: 8c70ac94070ccca03f47a81fcce3b271bd1f37a591bf5424e787ae313fcb9c212f5f6786e1fa82076a2c632c0141552babcd85698c437506dfa6ae2d58723062
  languageName: node
  linkType: hard

"yallist@npm:^4.0.0":
  version: 4.0.0
  resolution: "yallist@npm:4.0.0"
  checksum: 343617202af32df2a15a3be36a5a8c0c8545208f3d3dfbc6bb7c3e3b7e8c6f8e7485432e4f3b88da3031a6e20afa7c711eded32ddfb122896ac5d914e75848d5
  languageName: node
  linkType: hard
